
Microsoft Visual Studio Solution File, Format Version 12.00
# Visual Studio Version 17
VisualStudioVersion = 17.7.34018.315
MinimumVisualStudioVersion = 10.0.40219.1
Project("{FAE04EC0-301F-11D3-BF4B-00C04F79EFBC}") = "CSDepartmentWeb", "CSDepartmentWeb.csproj", "{A13DC095-9F37-48F2-AD57-F369C9903E72}"
EndProject
Global
	GlobalSection(SolutionConfigurationPlatforms) = preSolution
		Debug|Any CPU = Debug|Any CPU
		Release|Any CPU = Release|Any CPU
	EndGlobalSection
	GlobalSection(ProjectConfigurationPlatforms) = postSolution
		{A13DC095-9F37-48F2-AD57-F369C9903E72}.Debug|Any CPU.ActiveCfg = Debug|Any CPU
		{A13DC095-9F37-48F2-AD57-F369C9903E72}.Debug|Any CPU.Build.0 = Debug|Any CPU
		{A13DC095-9F37-48F2-AD57-F369C9903E72}.Release|Any CPU.ActiveCfg = Release|Any CPU
		{A13DC095-9F37-48F2-AD57-F369C9903E72}.Release|Any CPU.Build.0 = Release|Any CPU
	EndGlobalSection
	GlobalSection(SolutionProperties) = preSolution
		HideSolutionNode = FALSE
	EndGlobalSection
	GlobalSection(ExtensibilityGlobals) = postSolution
		SolutionGuid = {AFDDEBBD-A0CB-4679-9234-FA9185A77279}
	EndGlobalSection
EndGlobal
